
Microsoft Visual Studio Solution File, Format Version 12.00
Project("{FAE04EC0-301F-11D3-BF4B-00C04F79EFBC}") = "MisakaLab.MiniAirways.Plugins.NiceWeather.Entry", "MisakaLab.MiniAirways.Plugins.NiceWeather.Entry\MisakaLab.MiniAirways.Plugins.NiceWeather.Entry.csproj", "{A2DC7554-E3ED-4EF6-9DED-60687991145C}"
EndProject
Global
	GlobalSection(SolutionConfigurationPlatforms) = preSolution
		Debug|Any CPU = Debug|Any CPU
		Release|Any CPU = Release|Any CPU
	EndGlobalSection
	GlobalSection(ProjectConfigurationPlatforms) = postSolution
		{A2DC7554-E3ED-4EF6-9DED-60687991145C}.Debug|Any CPU.ActiveCfg = Debug|Any CPU
		{A2DC7554-E3ED-4EF6-9DED-60687991145C}.Debug|Any CPU.Build.0 = Debug|Any CPU
		{A2DC7554-E3ED-4EF6-9DED-60687991145C}.Release|Any CPU.ActiveCfg = Release|Any CPU
		{A2DC7554-E3ED-4EF6-9DED-60687991145C}.Release|Any CPU.Build.0 = Release|Any CPU
	EndGlobalSection
EndGlobal
